
Microsoft Visual Studio Solution File, Format Version 11.00
# Visual Studio 2010
Project("{FAE04EC0-301F-11D3-BF4B-00C04F79EFBC}") = "ProjectBot", "ProjectBot\ProjectBot.csproj", "{041BC0B7-D51A-481F-8CCC-1259BB17F068}"
EndProject
Project("{FAE04EC0-301F-11D3-BF4B-00C04F79EFBC}") = "Nebo", "Nebo\Nebo.csproj", "{DF3020D5-AA48-4A61-9C0B-4F7A2C9D08CE}"
EndProject
Global
	GlobalSection(SolutionConfigurationPlatforms) = preSolution
		Debug|Any CPU = Debug|Any CPU
		Debug|Mixed Platforms = Debug|Mixed Platforms
		Debug|x86 = Debug|x86
		Release|Any CPU = Release|Any CPU
		Release|Mixed Platforms = Release|Mixed Platforms
		Release|x86 = Release|x86
	EndGlobalSection
	GlobalSection(ProjectConfigurationPlatforms) = postSolution
		{041BC0B7-D51A-481F-8CCC-1259BB17F068}.Debug|Any CPU.ActiveCfg = Debug|x86
		{041BC0B7-D51A-481F-8CCC-1259BB17F068}.Debug|Mixed Platforms.ActiveCfg = Debug|x86
		{041BC0B7-D51A-481F-8CCC-1259BB17F068}.Debug|Mixed Platforms.Build.0 = Debug|x86
		{041BC0B7-D51A-481F-8CCC-1259BB17F068}.Debug|x86.ActiveCfg = Debug|x86
		{041BC0B7-D51A-481F-8CCC-1259BB17F068}.Debug|x86.Build.0 = Debug|x86
		{041BC0B7-D51A-481F-8CCC-1259BB17F068}.Release|Any CPU.ActiveCfg = Release|x86
		{041BC0B7-D51A-481F-8CCC-1259BB17F068}.Release|Mixed Platforms.ActiveCfg = Release|x86
		{041BC0B7-D51A-481F-8CCC-1259BB17F068}.Release|Mixed Platforms.Build.0 = Release|x86
		{041BC0B7-D51A-481F-8CCC-1259BB17F068}.Release|x86.ActiveCfg = Release|x86
		{041BC0B7-D51A-481F-8CCC-1259BB17F068}.Release|x86.Build.0 = Release|x86
		{DF3020D5-AA48-4A61-9C0B-4F7A2C9D08CE}.Debug|Any CPU.ActiveCfg = Debug|Any CPU
		{DF3020D5-AA48-4A61-9C0B-4F7A2C9D08CE}.Debug|Any CPU.Build.0 = Debug|Any CPU
		{DF3020D5-AA48-4A61-9C0B-4F7A2C9D08CE}.Debug|Mixed Platforms.ActiveCfg = Debug|Any CPU
		{DF3020D5-AA48-4A61-9C0B-4F7A2C9D08CE}.Debug|Mixed Platforms.Build.0 = Debug|Any CPU
		{DF3020D5-AA48-4A61-9C0B-4F7A2C9D08CE}.Debug|x86.ActiveCfg = Debug|Any CPU
		{DF3020D5-AA48-4A61-9C0B-4F7A2C9D08CE}.Release|Any CPU.ActiveCfg = Release|Any CPU
		{DF3020D5-AA48-4A61-9C0B-4F7A2C9D08CE}.Release|Any CPU.Build.0 = Release|Any CPU
		{DF3020D5-AA48-4A61-9C0B-4F7A2C9D08CE}.Release|Mixed Platforms.ActiveCfg = Release|Any CPU
		{DF3020D5-AA48-4A61-9C0B-4F7A2C9D08CE}.Release|Mixed Platforms.Build.0 = Release|Any CPU
		{DF3020D5-AA48-4A61-9C0B-4F7A2C9D08CE}.Release|x86.ActiveCfg = Release|Any CPU
	EndGlobalSection
	GlobalSection(SolutionProperties) = preSolution
		HideSolutionNode = FALSE
	EndGlobalSection
EndGlobal
